// !$*UTF8*$!
{
	archiveVersion = 1;
	classes = {
	};
	objectVersion = 46;
	objects = {

/* Begin PBXBuildFile section */
		04E942CA1C32237A00B075CC /* main.m in Sources */ = {isa = PBXBuildFile; fileRef = 04E942C91C32237A00B075CC /* main.m */; };
		04E942CD1C32237A00B075CC /* AppDelegate.m in Sources */ = {isa = PBXBuildFile; fileRef = 04E942CC1C32237A00B075CC /* AppDelegate.m */; };
		04E942D31C32237A00B075CC /* Main.storyboard in Resources */ = {isa = PBXBuildFile; fileRef = 04E942D11C32237A00B075CC /* Main.storyboard */; };
		04E942D51C32237A00B075CC /* Assets.xcassets in Resources */ = {isa = PBXBuildFile; fileRef = 04E942D41C32237A00B075CC /* Assets.xcassets */; };
		04E942D81C32237A00B075CC /* LaunchScreen.storyboard in Resources */ = {isa = PBXBuildFile; fileRef = 04E942D61C32237A00B075CC /* LaunchScreen.storyboard */; };
		04E942E31C32237B00B075CC /* QQ______Tests.m in Sources */ = {isa = PBXBuildFile; fileRef = 04E942E21C32237A00B075CC /* QQ______Tests.m */; };
		04E942EE1C32237B00B075CC /* QQ______UITests.m in Sources */ = {isa = PBXBuildFile; fileRef = 04E942ED1C32237B00B075CC /* QQ______UITests.m */; };
		04E9430D1C32273100B075CC /* SliderViewController.m in Sources */ = {isa = PBXBuildFile; fileRef = 04E9430A1C32273100B075CC /* SliderViewController.m */; };
		04E9430E1C32273100B075CC /* UIView_extra.m in Sources */ = {isa = PBXBuildFile; fileRef = 04E9430C1C32273100B075CC /* UIView_extra.m */; };
		B60BE8CD1CF9F60900DCBBDF /* MyMainViewController.m in Sources */ = {isa = PBXBuildFile; fileRef = B60BE8CC1CF9F60900DCBBDF /* MyMainViewController.m */; };
		B61D206B1CF98D2E00273668 /* OneViewController.m in Sources */ = {isa = PBXBuildFile; fileRef = B61D206A1CF98D2E00273668 /* OneViewController.m */; };
		B6ADD8B71CFAF0AE009B4084 /* LeftMenuViewController.m in Sources */ = {isa = PBXBuildFile; fileRef = B6ADD8B61CFAF0AE009B4084 /* LeftMenuViewController.m */; };
		B6ADD8BC1CFBCB85009B4084 /* SliderMainViewController.m in Sources */ = {isa = PBXBuildFile; fileRef = B6ADD8B91CFBCB85009B4084 /* SliderMainViewController.m */; };
		B6ADD8BD1CFBCB85009B4084 /* SliderMenuViewController.m in Sources */ = {isa = PBXBuildFile; fileRef = B6ADD8BB1CFBCB85009B4084 /* SliderMenuViewController.m */; };
		B6ADD8C01CFBCB92009B4084 /* MySliderViewController.m in Sources */ = {isa = PBXBuildFile; fileRef = B6ADD8BF1CFBCB92009B4084 /* MySliderViewController.m */; };
/* End PBXBuildFile section */

/* Begin PBXContainerItemProxy section */
		04E942DF1C32237A00B075CC /* PBXContainerItemProxy */ = {
			isa = PBXContainerItemProxy;
			containerPortal = 04E942BD1C32237A00B075CC /* Project object */;
			proxyType = 1;
			remoteGlobalIDString = 04E942C41C32237A00B075CC;
			remoteInfo = "QQ侧拉栏的实现";
		};
		04E942EA1C32237B00B075CC /* PBXContainerItemProxy */ = {
			isa = PBXContainerItemProxy;
			containerPortal = 04E942BD1C32237A00B075CC /* Project object */;
			proxyType = 1;
			remoteGlobalIDString = 04E942C41C32237A00B075CC;
			remoteInfo = "QQ侧拉栏的实现";
		};
/* End PBXContainerItemProxy section */

/* Begin PBXFileReference section */
		04E942C51C32237A00B075CC /* 侧拉栏的实现.app */ = {isa = PBXFileReference; explicitFileType = wrapper.application; includeInIndex = 0; path = "侧拉栏的实现.app"; sourceTree = BUILT_PRODUCTS_DIR; };
		04E942C91C32237A00B075CC /* main.m */ = {isa = PBXFileReference; lastKnownFileType = sourcecode.c.objc; path = main.m; sourceTree = "<group>"; };
		04E942CB1C32237A00B075CC /* AppDelegate.h */ = {isa = PBXFileReference; lastKnownFileType = sourcecode.c.h; path = AppDelegate.h; sourceTree = "<group>"; };
		04E942CC1C32237A00B075CC /* AppDelegate.m */ = {isa = PBXFileReference; lastKnownFileType = sourcecode.c.objc; path = AppDelegate.m; sourceTree = "<group>"; };
		04E942D21C32237A00B075CC /* Base */ = {isa = PBXFileReference; lastKnownFileType = file.storyboard; name = Base; path = Base.lproj/Main.storyboard; sourceTree = "<group>"; };
		04E942D41C32237A00B075CC /* Assets.xcassets */ = {isa = PBXFileReference; lastKnownFileType = folder.assetcatalog; path = Assets.xcassets; sourceTree = "<group>"; };
		04E942D71C32237A00B075CC /* Base */ = {isa = PBXFileReference; lastKnownFileType = file.storyboard; name = Base; path = Base.lproj/LaunchScreen.storyboard; sourceTree = "<group>"; };
		04E942D91C32237A00B075CC /* Info.plist */ = {isa = PBXFileReference; lastKnownFileType = text.plist.xml; path = Info.plist; sourceTree = "<group>"; };
		04E942DE1C32237A00B075CC /* 侧拉栏的实现.xctest */ = {isa = PBXFileReference; explicitFileType = wrapper.cfbundle; includeInIndex = 0; path = "侧拉栏的实现.xctest"; sourceTree = BUILT_PRODUCTS_DIR; };
		04E942E21C32237A00B075CC /* QQ______Tests.m */ = {isa = PBXFileReference; lastKnownFileType = sourcecode.c.objc; path = "QQ______Tests.m"; sourceTree = "<group>"; };
		04E942E41C32237B00B075CC /* Info.plist */ = {isa = PBXFileReference; lastKnownFileType = text.plist.xml; path = Info.plist; sourceTree = "<group>"; };
		04E942E91C32237B00B075CC /* 侧拉栏的实现.xctest */ = {isa = PBXFileReference; explicitFileType = wrapper.cfbundle; includeInIndex = 0; path = "侧拉栏的实现.xctest"; sourceTree = BUILT_PRODUCTS_DIR; };
		04E942ED1C32237B00B075CC /* QQ______UITests.m */ = {isa = PBXFileReference; lastKnownFileType = sourcecode.c.objc; path = "QQ______UITests.m"; sourceTree = "<group>"; };
		04E942EF1C32237B00B075CC /* Info.plist */ = {isa = PBXFileReference; lastKnownFileType = text.plist.xml; path = Info.plist; sourceTree = "<group>"; };
		04E943091C32273100B075CC /* SliderViewController.h */ = {isa = PBXFileReference; fileEncoding = 4; lastKnownFileType = sourcecode.c.h; path = SliderViewController.h; sourceTree = "<group>"; };
		04E9430A1C32273100B075CC /* SliderViewController.m */ = {isa = PBXFileReference; fileEncoding = 4; lastKnownFileType = sourcecode.c.objc; path = SliderViewController.m; sourceTree = "<group>"; };
		04E9430B1C32273100B075CC /* UIView_extra.h */ = {isa = PBXFileReference; fileEncoding = 4; lastKnownFileType = sourcecode.c.h; path = UIView_extra.h; sourceTree = "<group>"; };
		04E9430C1C32273100B075CC /* UIView_extra.m */ = {isa = PBXFileReference; fileEncoding = 4; lastKnownFileType = sourcecode.c.objc; path = UIView_extra.m; sourceTree = "<group>"; };
		B60BE8CB1CF9F60900DCBBDF /* MyMainViewController.h */ = {isa = PBXFileReference; fileEncoding = 4; lastKnownFileType = sourcecode.c.h; path = MyMainViewController.h; sourceTree = "<group>"; };
		B60BE8CC1CF9F60900DCBBDF /* MyMainViewController.m */ = {isa = PBXFileReference; fileEncoding = 4; lastKnownFileType = sourcecode.c.objc; path = MyMainViewController.m; sourceTree = "<group>"; };
		B61D20691CF98D2E00273668 /* OneViewController.h */ = {isa = PBXFileReference; fileEncoding = 4; lastKnownFileType = sourcecode.c.h; path = OneViewController.h; sourceTree = "<group>"; };
		B61D206A1CF98D2E00273668 /* OneViewController.m */ = {isa = PBXFileReference; fileEncoding = 4; lastKnownFileType = sourcecode.c.objc; path = OneViewController.m; sourceTree = "<group>"; };
		B6ADD8B51CFAF0AE009B4084 /* LeftMenuViewController.h */ = {isa = PBXFileReference; fileEncoding = 4; lastKnownFileType = sourcecode.c.h; path = LeftMenuViewController.h; sourceTree = "<group>"; };
		B6ADD8B61CFAF0AE009B4084 /* LeftMenuViewController.m */ = {isa = PBXFileReference; fileEncoding = 4; lastKnownFileType = sourcecode.c.objc; path = LeftMenuViewController.m; sourceTree = "<group>"; };
		B6ADD8B81CFBCB85009B4084 /* SliderMainViewController.h */ = {isa = PBXFileReference; fileEncoding = 4; lastKnownFileType = sourcecode.c.h; path = SliderMainViewController.h; sourceTree = "<group>"; };
		B6ADD8B91CFBCB85009B4084 /* SliderMainViewController.m */ = {isa = PBXFileReference; fileEncoding = 4; lastKnownFileType = sourcecode.c.objc; path = SliderMainViewController.m; sourceTree = "<group>"; };
		B6ADD8BA1CFBCB85009B4084 /* SliderMenuViewController.h */ = {isa = PBXFileReference; fileEncoding = 4; lastKnownFileType = sourcecode.c.h; path = SliderMenuViewController.h; sourceTree = "<group>"; };
		B6ADD8BB1CFBCB85009B4084 /* SliderMenuViewController.m */ = {isa = PBXFileReference; fileEncoding = 4; lastKnownFileType = sourcecode.c.objc; path = SliderMenuViewController.m; sourceTree = "<group>"; };
		B6ADD8BE1CFBCB92009B4084 /* MySliderViewController.h */ = {isa = PBXFileReference; fileEncoding = 4; lastKnownFileType = sourcecode.c.h; path = MySliderViewController.h; sourceTree = "<group>"; };
		B6ADD8BF1CFBCB92009B4084 /* MySliderViewController.m */ = {isa = PBXFileReference; fileEncoding = 4; lastKnownFileType = sourcecode.c.objc; path = MySliderViewController.m; sourceTree = "<group>"; };
/* End PBXFileReference section */

/* Begin PBXFrameworksBuildPhase section */
		04E942C21C32237A00B075CC /* Frameworks */ = {
			isa = PBXFrameworksBuildPhase;
			buildActionMask = 2147483647;
			files = (
			);
			runOnlyForDeploymentPostprocessing = 0;
		};
		04E942DB1C32237A00B075CC /* Frameworks */ = {
			isa = PBXFrameworksBuildPhase;
			buildActionMask = 2147483647;
			files = (
			);
			runOnlyForDeploymentPostprocessing = 0;
		};
		04E942E61C32237B00B075CC /* Frameworks */ = {
			isa = PBXFrameworksBuildPhase;
			buildActionMask = 2147483647;
			files = (
			);
			runOnlyForDeploymentPostprocessing = 0;
		};
/* End PBXFrameworksBuildPhase section */

/* Begin PBXGroup section */
		04E942BC1C32237A00B075CC = {
			isa = PBXGroup;
			children = (
				04E942C71C32237A00B075CC /* 侧拉栏的实现 */,
				04E942E11C32237A00B075CC /* 侧拉栏的实现Tests */,
				04E942EC1C32237B00B075CC /* 侧拉栏的实现UITests */,
				04E942C61C32237A00B075CC /* Products */,
			);
			sourceTree = "<group>";
		};
		04E942C61C32237A00B075CC /* Products */ = {
			isa = PBXGroup;
			children = (
				04E942C51C32237A00B075CC /* 侧拉栏的实现.app */,
				04E942DE1C32237A00B075CC /* 侧拉栏的实现.xctest */,
				04E942E91C32237B00B075CC /* 侧拉栏的实现.xctest */,
			);
			name = Products;
			sourceTree = "<group>";
		};
		04E942C71C32237A00B075CC /* 侧拉栏的实现 */ = {
			isa = PBXGroup;
			children = (
				04E943081C32273100B075CC /* LeftSlideViewController */,
				04E942CB1C32237A00B075CC /* AppDelegate.h */,
				04E942CC1C32237A00B075CC /* AppDelegate.m */,
				B6ADD8B51CFAF0AE009B4084 /* LeftMenuViewController.h */,
				B6ADD8B61CFAF0AE009B4084 /* LeftMenuViewController.m */,
				B6ADD8BE1CFBCB92009B4084 /* MySliderViewController.h */,
				B6ADD8BF1CFBCB92009B4084 /* MySliderViewController.m */,
				B60BE8CB1CF9F60900DCBBDF /* MyMainViewController.h */,
				B60BE8CC1CF9F60900DCBBDF /* MyMainViewController.m */,
				B61D20691CF98D2E00273668 /* OneViewController.h */,
				B61D206A1CF98D2E00273668 /* OneViewController.m */,
				04E942D11C32237A00B075CC /* Main.storyboard */,
				04E942D41C32237A00B075CC /* Assets.xcassets */,
				04E942D61C32237A00B075CC /* LaunchScreen.storyboard */,
				04E942D91C32237A00B075CC /* Info.plist */,
				04E942C81C32237A00B075CC /* Supporting Files */,
			);
			name = "侧拉栏的实现";
			path = "QQ侧拉栏的实现";
			sourceTree = "<group>";
		};
		04E942C81C32237A00B075CC /* Supporting Files */ = {
			isa = PBXGroup;
			children = (
				04E942C91C32237A00B075CC /* main.m */,
			);
			name = "Supporting Files";
			sourceTree = "<group>";
		};
		04E942E11C32237A00B075CC /* 侧拉栏的实现Tests */ = {
			isa = PBXGroup;
			children = (
				04E942E21C32237A00B075CC /* QQ______Tests.m */,
				04E942E41C32237B00B075CC /* Info.plist */,
			);
			name = "侧拉栏的实现Tests";
			path = "QQ侧拉栏的实现Tests";
			sourceTree = "<group>";
		};
		04E942EC1C32237B00B075CC /* 侧拉栏的实现UITests */ = {
			isa = PBXGroup;
			children = (
				04E942ED1C32237B00B075CC /* QQ______UITests.m */,
				04E942EF1C32237B00B075CC /* Info.plist */,
			);
			name = "侧拉栏的实现UITests";
			path = "QQ侧拉栏的实现UITests";
			sourceTree = "<group>";
		};
		04E943081C32273100B075CC /* LeftSlideViewController */ = {
			isa = PBXGroup;
			children = (
				B6ADD8B81CFBCB85009B4084 /* SliderMainViewController.h */,
				B6ADD8B91CFBCB85009B4084 /* SliderMainViewController.m */,
				B6ADD8BA1CFBCB85009B4084 /* SliderMenuViewController.h */,
				B6ADD8BB1CFBCB85009B4084 /* SliderMenuViewController.m */,
				04E943091C32273100B075CC /* SliderViewController.h */,
				04E9430A1C32273100B075CC /* SliderViewController.m */,
				04E9430B1C32273100B075CC /* UIView_extra.h */,
				04E9430C1C32273100B075CC /* UIView_extra.m */,
			);
			path = LeftSlideViewController;
			sourceTree = "<group>";
		};
/* End PBXGroup section */

/* Begin PBXNativeTarget section */
		04E942C41C32237A00B075CC /* 侧拉栏的实现 */ = {
			isa = PBXNativeTarget;
			buildConfigurationList = 04E942F21C32237B00B075CC /* Build configuration list for PBXNativeTarget "侧拉栏的实现" */;
			buildPhases = (
				04E942C11C32237A00B075CC /* Sources */,
				04E942C21C32237A00B075CC /* Frameworks */,
				04E942C31C32237A00B075CC /* Resources */,
			);
			buildRules = (
			);
			dependencies = (
			);
			name = "侧拉栏的实现";
			productName = "QQ侧拉栏的实现";
			productReference = 04E942C51C32237A00B075CC /* 侧拉栏的实现.app */;
			productType = "com.apple.product-type.application";
		};
		04E942DD1C32237A00B075CC /* 侧拉栏的实现Tests */ = {
			isa = PBXNativeTarget;
			buildConfigurationList = 04E942F51C32237B00B075CC /* Build configuration list for PBXNativeTarget "侧拉栏的实现Tests" */;
			buildPhases = (
				04E942DA1C32237A00B075CC /* Sources */,
				04E942DB1C32237A00B075CC /* Frameworks */,
				04E942DC1C32237A00B075CC /* Resources */,
			);
			buildRules = (
			);
			dependencies = (
				04E942E01C32237A00B075CC /* PBXTargetDependency */,
			);
			name = "侧拉栏的实现Tests";
			productName = "QQ侧拉栏的实现Tests";
			productReference = 04E942DE1C32237A00B075CC /* 侧拉栏的实现.xctest */;
			productType = "com.apple.product-type.bundle.unit-test";
		};
		04E942E81C32237B00B075CC /* 侧拉栏的实现UITests */ = {
			isa = PBXNativeTarget;
			buildConfigurationList = 04E942F81C32237B00B075CC /* Build configuration list for PBXNativeTarget "侧拉栏的实现UITests" */;
			buildPhases = (
				04E942E51C32237B00B075CC /* Sources */,
				04E942E61C32237B00B075CC /* Frameworks */,
				04E942E71C32237B00B075CC /* Resources */,
			);
			buildRules = (
			);
			dependencies = (
				04E942EB1C32237B00B075CC /* PBXTargetDependency */,
			);
			name = "侧拉栏的实现UITests";
			productName = "QQ侧拉栏的实现UITests";
			productReference = 04E942E91C32237B00B075CC /* 侧拉栏的实现.xctest */;
			productType = "com.apple.product-type.bundle.ui-testing";
		};
/* End PBXNativeTarget section */

/* Begin PBXProject section */
		04E942BD1C32237A00B075CC /* Project object */ = {
			isa = PBXProject;
			attributes = {
				LastUpgradeCheck = 0710;
				ORGANIZATIONNAME = mac;
				TargetAttributes = {
					04E942C41C32237A00B075CC = {
						CreatedOnToolsVersion = 7.1.1;
					};
					04E942DD1C32237A00B075CC = {
						CreatedOnToolsVersion = 7.1.1;
						TestTargetID = 04E942C41C32237A00B075CC;
					};
					04E942E81C32237B00B075CC = {
						CreatedOnToolsVersion = 7.1.1;
						TestTargetID = 04E942C41C32237A00B075CC;
					};
				};
			};
			buildConfigurationList = 04E942C01C32237A00B075CC /* Build configuration list for PBXProject "侧拉栏的实现" */;
			compatibilityVersion = "Xcode 3.2";
			developmentRegion = English;
			hasScannedForEncodings = 0;
			knownRegions = (
				en,
				Base,
			);
			mainGroup = 04E942BC1C32237A00B075CC;
			productRefGroup = 04E942C61C32237A00B075CC /* Products */;
			projectDirPath = "";
			projectRoot = "";
			targets = (
				04E942C41C32237A00B075CC /* 侧拉栏的实现 */,
				04E942DD1C32237A00B075CC /* 侧拉栏的实现Tests */,
				04E942E81C32237B00B075CC /* 侧拉栏的实现UITests */,
			);
		};
/* End PBXProject section */

/* Begin PBXResourcesBuildPhase section */
		04E942C31C32237A00B075CC /* Resources */ = {
			isa = PBXResourcesBuildPhase;
			buildActionMask = 2147483647;
			files = (
				04E942D81C32237A00B075CC /* LaunchScreen.storyboard in Resources */,
				04E942D51C32237A00B075CC /* Assets.xcassets in Resources */,
				04E942D31C32237A00B075CC /* Main.storyboard in Resources */,
			);
			runOnlyForDeploymentPostprocessing = 0;
		};
		04E942DC1C32237A00B075CC /* Resources */ = {
			isa = PBXResourcesBuildPhase;
			buildActionMask = 2147483647;
			files = (
			);
			runOnlyForDeploymentPostprocessing = 0;
		};
		04E942E71C32237B00B075CC /* Resources */ = {
			isa = PBXResourcesBuildPhase;
			buildActionMask = 2147483647;
			files = (
			);
			runOnlyForDeploymentPostprocessing = 0;
		};
/* End PBXResourcesBuildPhase section */

/* Begin PBXSourcesBuildPhase section */
		04E942C11C32237A00B075CC /* Sources */ = {
			isa = PBXSourcesBuildPhase;
			buildActionMask = 2147483647;
			files = (
				04E9430D1C32273100B075CC /* SliderViewController.m in Sources */,
				B6ADD8BD1CFBCB85009B4084 /* SliderMenuViewController.m in Sources */,
				B61D206B1CF98D2E00273668 /* OneViewController.m in Sources */,
				04E9430E1C32273100B075CC /* UIView_extra.m in Sources */,
				B6ADD8BC1CFBCB85009B4084 /* SliderMainViewController.m in Sources */,
				B6ADD8C01CFBCB92009B4084 /* MySliderViewController.m in Sources */,
				B60BE8CD1CF9F60900DCBBDF /* MyMainViewController.m in Sources */,
				04E942CD1C32237A00B075CC /* AppDelegate.m in Sources */,
				B6ADD8B71CFAF0AE009B4084 /* LeftMenuViewController.m in Sources */,
				04E942CA1C32237A00B075CC /* main.m in Sources */,
			);
			runOnlyForDeploymentPostprocessing = 0;
		};
		04E942DA1C32237A00B075CC /* Sources */ = {
			isa = PBXSourcesBuildPhase;
			buildActionMask = 2147483647;
			files = (
				04E942E31C32237B00B075CC /* QQ______Tests.m in Sources */,
			);
			runOnlyForDeploymentPostprocessing = 0;
		};
		04E942E51C32237B00B075CC /* Sources */ = {
			isa = PBXSourcesBuildPhase;
			buildActionMask = 2147483647;
			files = (
				04E942EE1C32237B00B075CC /* QQ______UITests.m in Sources */,
			);
			runOnlyForDeploymentPostprocessing = 0;
		};
/* End PBXSourcesBuildPhase section */

/* Begin PBXTargetDependency section */
		04E942E01C32237A00B075CC /* PBXTargetDependency */ = {
			isa = PBXTargetDependency;
			target = 04E942C41C32237A00B075CC /* 侧拉栏的实现 */;
			targetProxy = 04E942DF1C32237A00B075CC /* PBXContainerItemProxy */;
		};
		04E942EB1C32237B00B075CC /* PBXTargetDependency */ = {
			isa = PBXTargetDependency;
			target = 04E942C41C32237A00B075CC /* 侧拉栏的实现 */;
			targetProxy = 04E942EA1C32237B00B075CC /* PBXContainerItemProxy */;
		};
/* End PBXTargetDependency section */

/* Begin PBXVariantGroup section */
		04E942D11C32237A00B075CC /* Main.storyboard */ = {
			isa = PBXVariantGroup;
			children = (
				04E942D21C32237A00B075CC /* Base */,
			);
			name = Main.storyboard;
			sourceTree = "<group>";
		};
		04E942D61C32237A00B075CC /* LaunchScreen.storyboard */ = {
			isa = PBXVariantGroup;
			children = (
				04E942D71C32237A00B075CC /* Base */,
			);
			name = LaunchScreen.storyboard;
			sourceTree = "<group>";
		};
/* End PBXVariantGroup section */

/* Begin XCBuildConfiguration section */
		04E942F01C32237B00B075CC /* Debug */ = {
			isa = XCBuildConfiguration;
			buildSettings = {
				ALWAYS_SEARCH_USER_PATHS = NO;
				CLANG_CXX_LANGUAGE_STANDARD = "gnu++0x";
				CLANG_CXX_LIBRARY = "libc++";
				CLANG_ENABLE_MODULES = YES;
				CLANG_ENABLE_OBJC_ARC = YES;
				CLANG_WARN_BOOL_CONVERSION = YES;
				CLANG_WARN_CONSTANT_CONVERSION = YES;
				CLANG_WARN_DIRECT_OBJC_ISA_USAGE = YES_ERROR;
				CLANG_WARN_EMPTY_BODY = YES;
				CLANG_WARN_ENUM_CONVERSION = YES;
				CLANG_WARN_INT_CONVERSION = YES;
				CLANG_WARN_OBJC_ROOT_CLASS = YES_ERROR;
				CLANG_WARN_UNREACHABLE_CODE = YES;
				CLANG_WARN__DUPLICATE_METHOD_MATCH = YES;
				"CODE_SIGN_IDENTITY[sdk=iphoneos*]" = "iPhone Developer";
				COPY_PHASE_STRIP = NO;
				DEBUG_INFORMATION_FORMAT = dwarf;
				ENABLE_STRICT_OBJC_MSGSEND = YES;
				ENABLE_TESTABILITY = YES;
				GCC_C_LANGUAGE_STANDARD = gnu99;
				GCC_DYNAMIC_NO_PIC = NO;
				GCC_NO_COMMON_BLOCKS = YES;
				GCC_OPTIMIZATION_LEVEL = 0;
				GCC_PREPROCESSOR_DEFINITIONS = (
					"DEBUG=1",
					"$(inherited)",
				);
				GCC_WARN_64_TO_32_BIT_CONVERSION = YES;
				GCC_WARN_ABOUT_RETURN_TYPE = YES_ERROR;
				GCC_WARN_UNDECLARED_SELECTOR = YES;
				GCC_WARN_UNINITIALIZED_AUTOS = YES_AGGRESSIVE;
				GCC_WARN_UNUSED_FUNCTION = YES;
				GCC_WARN_UNUSED_VARIABLE = YES;
				IPHONEOS_DEPLOYMENT_TARGET = 9.1;
				MTL_ENABLE_DEBUG_INFO = YES;
				ONLY_ACTIVE_ARCH = YES;
				SDKROOT = iphoneos;
				TARGETED_DEVICE_FAMILY = "1,2";
			};
			name = Debug;
		};
		04E942F11C32237B00B075CC /* Release */ = {
			isa = XCBuildConfiguration;
			buildSettings = {
				ALWAYS_SEARCH_USER_PATHS = NO;
				CLANG_CXX_LANGUAGE_STANDARD = "gnu++0x";
				CLANG_CXX_LIBRARY = "libc++";
				CLANG_ENABLE_MODULES = YES;
				CLANG_ENABLE_OBJC_ARC = YES;
				CLANG_WARN_BOOL_CONVERSION = YES;
				CLANG_WARN_CONSTANT_CONVERSION = YES;
				CLANG_WARN_DIRECT_OBJC_ISA_USAGE = YES_ERROR;
				CLANG_WARN_EMPTY_BODY = YES;
				CLANG_WARN_ENUM_CONVERSION = YES;
				CLANG_WARN_INT_CONVERSION = YES;
				CLANG_WARN_OBJC_ROOT_CLASS = YES_ERROR;
				CLANG_WARN_UNREACHABLE_CODE = YES;
				CLANG_WARN__DUPLICATE_METHOD_MATCH = YES;
				"CODE_SIGN_IDENTITY[sdk=iphoneos*]" = "iPhone Developer";
				COPY_PHASE_STRIP = NO;
				DEBUG_INFORMATION_FORMAT = "dwarf-with-dsym";
				ENABLE_NS_ASSERTIONS = NO;
				ENABLE_STRICT_OBJC_MSGSEND = YES;
				GCC_C_LANGUAGE_STANDARD = gnu99;
				GCC_NO_COMMON_BLOCKS = YES;
				GCC_WARN_64_TO_32_BIT_CONVERSION = YES;
				GCC_WARN_ABOUT_RETURN_TYPE = YES_ERROR;
				GCC_WARN_UNDECLARED_SELECTOR = YES;
				GCC_WARN_UNINITIALIZED_AUTOS = YES_AGGRESSIVE;
				GCC_WARN_UNUSED_FUNCTION = YES;
				GCC_WARN_UNUSED_VARIABLE = YES;
				IPHONEOS_DEPLOYMENT_TARGET = 9.1;
				MTL_ENABLE_DEBUG_INFO = NO;
				SDKROOT = iphoneos;
				TARGETED_DEVICE_FAMILY = "1,2";
				VALIDATE_PRODUCT = YES;
			};
			name = Release;
		};
		04E942F31C32237B00B075CC /* Debug */ = {
			isa = XCBuildConfiguration;
			buildSettings = {
				ASSETCATALOG_COMPILER_APPICON_NAME = AppIcon;
				INFOPLIST_FILE = "QQ侧拉栏的实现/Info.plist";
				LD_RUNPATH_SEARCH_PATHS = "$(inherited) @executable_path/Frameworks";
				PRODUCT_BUNDLE_IDENTIFIER = "com.QQ------";
				PRODUCT_NAME = "侧拉栏的实现";
			};
			name = Debug;
		};
		04E942F41C32237B00B075CC /* Release */ = {
			isa = XCBuildConfiguration;
			buildSettings = {
				ASSETCATALOG_COMPILER_APPICON_NAME = AppIcon;
				INFOPLIST_FILE = "QQ侧拉栏的实现/Info.plist";
				LD_RUNPATH_SEARCH_PATHS = "$(inherited) @executable_path/Frameworks";
				PRODUCT_BUNDLE_IDENTIFIER = "com.QQ------";
				PRODUCT_NAME = "侧拉栏的实现";
			};
			name = Release;
		};
		04E942F61C32237B00B075CC /* Debug */ = {
			isa = XCBuildConfiguration;
			buildSettings = {
				BUNDLE_LOADER = "$(TEST_HOST)";
				INFOPLIST_FILE = "QQ侧拉栏的实现Tests/Info.plist";
				LD_RUNPATH_SEARCH_PATHS = "$(inherited) @executable_path/Frameworks @loader_path/Frameworks";
				PRODUCT_BUNDLE_IDENTIFIER = "com.QQ------Tests";
				PRODUCT_NAME = "侧拉栏的实现";
				TEST_HOST = "$(BUILT_PRODUCTS_DIR)/侧拉栏的实现.app/侧拉栏的实现";
			};
			name = Debug;
		};
		04E942F71C32237B00B075CC /* Release */ = {
			isa = XCBuildConfiguration;
			buildSettings = {
				BUNDLE_LOADER = "$(TEST_HOST)";
				INFOPLIST_FILE = "QQ侧拉栏的实现Tests/Info.plist";
				LD_RUNPATH_SEARCH_PATHS = "$(inherited) @executable_path/Frameworks @loader_path/Frameworks";
				PRODUCT_BUNDLE_IDENTIFIER = "com.QQ------Tests";
				PRODUCT_NAME = "侧拉栏的实现";
				TEST_HOST = "$(BUILT_PRODUCTS_DIR)/侧拉栏的实现.app/侧拉栏的实现";
			};
			name = Release;
		};
		04E942F91C32237B00B075CC /* Debug */ = {
			isa = XCBuildConfiguration;
			buildSettings = {
				INFOPLIST_FILE = "QQ侧拉栏的实现UITests/Info.plist";
				LD_RUNPATH_SEARCH_PATHS = "$(inherited) @executable_path/Frameworks @loader_path/Frameworks";
				PRODUCT_BUNDLE_IDENTIFIER = "com.QQ------UITests";
				PRODUCT_NAME = "侧拉栏的实现";
				TEST_TARGET_NAME = "QQ侧拉栏的实现";
				USES_XCTRUNNER = YES;
			};
			name = Debug;
		};
		04E942FA1C32237B00B075CC /* Release */ = {
			isa = XCBuildConfiguration;
			buildSettings = {
				INFOPLIST_FILE = "QQ侧拉栏的实现UITests/Info.plist";
				LD_RUNPATH_SEARCH_PATHS = "$(inherited) @executable_path/Frameworks @loader_path/Frameworks";
				PRODUCT_BUNDLE_IDENTIFIER = "com.QQ------UITests";
				PRODUCT_NAME = "侧拉栏的实现";
				TEST_TARGET_NAME = "QQ侧拉栏的实现";
				USES_XCTRUNNER = YES;
			};
			name = Release;
		};
/* End XCBuildConfiguration section */

/* Begin XCConfigurationList section */
		04E942C01C32237A00B075CC /* Build configuration list for PBXProject "侧拉栏的实现" */ = {
			isa = XCConfigurationList;
			buildConfigurations = (
				04E942F01C32237B00B075CC /* Debug */,
				04E942F11C32237B00B075CC /* Release */,
			);
			defaultConfigurationIsVisible = 0;
			defaultConfigurationName = Release;
		};
		04E942F21C32237B00B075CC /* Build configuration list for PBXNativeTarget "侧拉栏的实现" */ = {
			isa = XCConfigurationList;
			buildConfigurations = (
				04E942F31C32237B00B075CC /* Debug */,
				04E942F41C32237B00B075CC /* Release */,
			);
			defaultConfigurationIsVisible = 0;
			defaultConfigurationName = Release;
		};
		04E942F51C32237B00B075CC /* Build configuration list for PBXNativeTarget "侧拉栏的实现Tests" */ = {
			isa = XCConfigurationList;
			buildConfigurations = (
				04E942F61C32237B00B075CC /* Debug */,
				04E942F71C32237B00B075CC /* Release */,
			);
			defaultConfigurationIsVisible = 0;
			defaultConfigurationName = Release;
		};
		04E942F81C32237B00B075CC /* Build configuration list for PBXNativeTarget "侧拉栏的实现UITests" */ = {
			isa = XCConfigurationList;
			buildConfigurations = (
				04E942F91C32237B00B075CC /* Debug */,
				04E942FA1C32237B00B075CC /* Release */,
			);
			defaultConfigurationIsVisible = 0;
			defaultConfigurationName = Release;
		};
/* End XCConfigurationList section */
	};
	rootObject = 04E942BD1C32237A00B075CC /* Project object */;
}
